Microsoft Visual Studio Solution File, Format Version 12.00
# Visual Studio 2012
Project("{8BC9CEB8-8B4A-11D0-8D11-00A0C91BC942}") = "WaterSimulation", "WaterSimulation.vcxproj", "{1B95014D-8742-4D11-8211-83FAFDD53FA4}"
EndProject
Project("{8BC9CEB8-8B4A-11D0-8D11-00A0C91BC942}") = "cinder", "C:\Program Files (x86)\Cinder\vc11\cinder.vcxproj", "{92B5BE70-DCAA-40E4-92D8-CC2B95AA28BE}"
EndProject
Global
	GlobalSection(SolutionConfigurationPlatforms) = preSolution
		Debug|Win32 = Debug|Win32
		Release|Win32 = Release|Win32
	EndGlobalSection
	GlobalSection(ProjectConfigurationPlatforms) = postSolution
		{1B95014D-8742-4D11-8211-83FAFDD53FA4}.Debug|Win32.ActiveCfg = Debug|Win32
		{1B95014D-8742-4D11-8211-83FAFDD53FA4}.Debug|Win32.Build.0 = Debug|Win32
		{1B95014D-8742-4D11-8211-83FAFDD53FA4}.Release|Win32.ActiveCfg = Release|Win32
		{1B95014D-8742-4D11-8211-83FAFDD53FA4}.Release|Win32.Build.0 = Release|Win32
		{92B5BE70-DCAA-40E4-92D8-CC2B95AA28BE}.Debug|Win32.ActiveCfg = Debug|Win32
		{92B5BE70-DCAA-40E4-92D8-CC2B95AA28BE}.Debug|Win32.Build.0 = Debug|Win32
		{92B5BE70-DCAA-40E4-92D8-CC2B95AA28BE}.Release|Win32.ActiveCfg = Release|Win32
		{92B5BE70-DCAA-40E4-92D8-CC2B95AA28BE}.Release|Win32.Build.0 = Release|Win32
	EndGlobalSection
	GlobalSection(SolutionProperties) = preSolution
		HideSolutionNode = FALSE
	EndGlobalSection
EndGlobal
